
Microsoft Visual Studio Solution File, Format Version 12.00
# Visual Studio Version 16
VisualStudioVersion = 16.0.32413.511
MinimumVisualStudioVersion = 10.0.40219.1
Project("{FAE04EC0-301F-11D3-BF4B-00C04F79EFBC}") = "TaskHomework", "TaskHomework.csproj", "{86913FF5-D1C5-4D0D-807F-AF2B7C0903D0}"
EndProject
Global
	GlobalSection(SolutionConfigurationPlatforms) = preSolution
		Debug|Any CPU = Debug|Any CPU
		Release|Any CPU = Release|Any CPU
	EndGlobalSection
	GlobalSection(ProjectConfigurationPlatforms) = postSolution
		{86913FF5-D1C5-4D0D-807F-AF2B7C0903D0}.Debug|Any CPU.ActiveCfg = Debug|Any CPU
		{86913FF5-D1C5-4D0D-807F-AF2B7C0903D0}.Debug|Any CPU.Build.0 = Debug|Any CPU
		{86913FF5-D1C5-4D0D-807F-AF2B7C0903D0}.Release|Any CPU.ActiveCfg = Release|Any CPU
		{86913FF5-D1C5-4D0D-807F-AF2B7C0903D0}.Release|Any CPU.Build.0 = Release|Any CPU
	EndGlobalSection
	GlobalSection(SolutionProperties) = preSolution
		HideSolutionNode = FALSE
	EndGlobalSection
	GlobalSection(ExtensibilityGlobals) = postSolution
		SolutionGuid = {6439F25C-8768-429A-BC9B-EF4A04F6B4BC}
	EndGlobalSection
EndGlobal
